// !$*UTF8*$!
{
	archiveVersion = 1;
	classes = {
	};
	objectVersion = 50;
	objects = {

/* Begin PBXBuildFile section */
		489C953D23947D3300F53BBE /* AppDelegate.swift in Sources */ = {isa = PBXBuildFile; fileRef = 489C953C23947D3300F53BBE /* AppDelegate.swift */; };
		489C953F23947D3300F53BBE /* SceneDelegate.swift in Sources */ = {isa = PBXBuildFile; fileRef = 489C953E23947D3300F53BBE /* SceneDelegate.swift */; };
		489C954123947D3300F53BBE /* ViewController.swift in Sources */ = {isa = PBXBuildFile; fileRef = 489C954023947D3300F53BBE /* ViewController.swift */; };
		489C954423947D3300F53BBE /* Main.storyboard in Resources */ = {isa = PBXBuildFile; fileRef = 489C954223947D3300F53BBE /* Main.storyboard */; };
		489C954623947D3700F53BBE /* Assets.xcassets in Resources */ = {isa = PBXBuildFile; fileRef = 489C954523947D3700F53BBE /* Assets.xcassets */; };
		489C954923947D3700F53BBE /* LaunchScreen.storyboard in Resources */ = {isa = PBXBuildFile; fileRef = 489C954723947D3700F53BBE /* LaunchScreen.storyboard */; };
		48ABA21223AE7D81002697E5 /* LocalAuthentication.framework in Frameworks */ = {isa = PBXBuildFile; fileRef = 48ABA21123AE7D81002697E5 /* LocalAuthentication.framework */; };
/* End PBXBuildFile section */

/* Begin PBXFileReference section */
		489C953923947D3300F53BBE /* My App.app */ = {isa = PBXFileReference; explicitFileType = wrapper.application; includeInIndex = 0; path = "My App.app"; sourceTree = BUILT_PRODUCTS_DIR; };
		489C953C23947D3300F53BBE /* AppDelegate.swift */ = {isa = PBXFileReference; lastKnownFileType = sourcecode.swift; path = AppDelegate.swift; sourceTree = "<group>"; };
		489C953E23947D3300F53BBE /* SceneDelegate.swift */ = {isa = PBXFileReference; lastKnownFileType = sourcecode.swift; path = SceneDelegate.swift; sourceTree = "<group>"; };
		489C954023947D3300F53BBE /* ViewController.swift */ = {isa = PBXFileReference; lastKnownFileType = sourcecode.swift; path = ViewController.swift; sourceTree = "<group>"; };
		489C954323947D3300F53BBE /* Base */ = {isa = PBXFileReference; lastKnownFileType = file.storyboard; name = Base; path = Base.lproj/Main.storyboard; sourceTree = "<group>"; };
		489C954523947D3700F53BBE /* Assets.xcassets */ = {isa = PBXFileReference; lastKnownFileType = folder.assetcatalog; path = Assets.xcassets; sourceTree = "<group>"; };
		489C954823947D3700F53BBE /* Base */ = {isa = PBXFileReference; lastKnownFileType = file.storyboard; name = Base; path = Base.lproj/LaunchScreen.storyboard; sourceTree = "<group>"; };
		489C954A23947D3700F53BBE /* Info.plist */ = {isa = PBXFileReference; lastKnownFileType = text.plist.xml; path = Info.plist; sourceTree = "<group>"; };
		489C955023947DDC00F53BBE /* SiriPaymentExample.entitlements */ = {isa = PBXFileReference; lastKnownFileType = text.plist.entitlements; path = SiriPaymentExample.entitlements; sourceTree = "<group>"; };
		48ABA21123AE7D81002697E5 /* LocalAuthentication.framework */ = {isa = PBXFileReference; lastKnownFileType = wrapper.framework; name = LocalAuthentication.framework; path = System/Library/Frameworks/LocalAuthentication.framework; sourceTree = SDKROOT; };
/* End PBXFileReference section */

/* Begin PBXFrameworksBuildPhase section */
		489C953623947D3300F53BBE /* Frameworks */ = {
			isa = PBXFrameworksBuildPhase;
			buildActionMask = 2147483647;
			files = (
				48ABA21223AE7D81002697E5 /* LocalAuthentication.framework in Frameworks */,
			);
			runOnlyForDeploymentPostprocessing = 0;
		};
/* End PBXFrameworksBuildPhase section */

/* Begin PBXGroup section */
		489C953023947D3300F53BBE = {
			isa = PBXGroup;
			children = (
				489C953B23947D3300F53BBE /* SiriPaymentExample */,
				489C953A23947D3300F53BBE /* Products */,
				48ABA21023AE7D81002697E5 /* Frameworks */,
			);
			sourceTree = "<group>";
		};
		489C953A23947D3300F53BBE /* Products */ = {
			isa = PBXGroup;
			children = (
				489C953923947D3300F53BBE /* My App.app */,
			);
			name = Products;
			sourceTree = "<group>";
		};
		489C953B23947D3300F53BBE /* SiriPaymentExample */ = {
			isa = PBXGroup;
			children = (
				489C955023947DDC00F53BBE /* SiriPaymentExample.entitlements */,
				489C953C23947D3300F53BBE /* AppDelegate.swift */,
				489C953E23947D3300F53BBE /* SceneDelegate.swift */,
				489C954023947D3300F53BBE /* ViewController.swift */,
				489C954223947D3300F53BBE /* Main.storyboard */,
				489C954523947D3700F53BBE /* Assets.xcassets */,
				489C954723947D3700F53BBE /* LaunchScreen.storyboard */,
				489C954A23947D3700F53BBE /* Info.plist */,
			);
			path = SiriPaymentExample;
			sourceTree = "<group>";
		};
		48ABA21023AE7D81002697E5 /* Frameworks */ = {
			isa = PBXGroup;
			children = (
				48ABA21123AE7D81002697E5 /* LocalAuthentication.framework */,
			);
			name = Frameworks;
			sourceTree = "<group>";
		};
/* End PBXGroup section */

/* Begin PBXNativeTarget section */
		489C953823947D3300F53BBE /* SiriPaymentExample */ = {
			isa = PBXNativeTarget;
			buildConfigurationList = 489C954D23947D3700F53BBE /* Build configuration list for PBXNativeTarget "SiriPaymentExample" */;
			buildPhases = (
				489C953523947D3300F53BBE /* Sources */,
				489C953623947D3300F53BBE /* Frameworks */,
				489C953723947D3300F53BBE /* Resources */,
			);
			buildRules = (
			);
			dependencies = (
			);
			name = SiriPaymentExample;
			productName = SiriPaymentExample;
			productReference = 489C953923947D3300F53BBE /* My App.app */;
			productType = "com.apple.product-type.application";
		};
/* End PBXNativeTarget section */

/* Begin PBXProject section */
		489C953123947D3300F53BBE /* Project object */ = {
			isa = PBXProject;
			attributes = {
				LastSwiftUpdateCheck = 1110;
				LastUpgradeCheck = 1110;
				ORGANIZATIONNAME = "Adiga, Girish";
				TargetAttributes = {
					489C953823947D3300F53BBE = {
						CreatedOnToolsVersion = 11.1;
					};
				};
			};
			buildConfigurationList = 489C953423947D3300F53BBE /* Build configuration list for PBXProject "SiriPaymentExample" */;
			compatibilityVersion = "Xcode 9.3";
			developmentRegion = en;
			hasScannedForEncodings = 0;
			knownRegions = (
				en,
				Base,
			);
			mainGroup = 489C953023947D3300F53BBE;
			productRefGroup = 489C953A23947D3300F53BBE /* Products */;
			projectDirPath = "";
			projectRoot = "";
			targets = (
				489C953823947D3300F53BBE /* SiriPaymentExample */,
			);
		};
/* End PBXProject section */

/* Begin PBXResourcesBuildPhase section */
		489C953723947D3300F53BBE /* Resources */ = {
			isa = PBXResourcesBuildPhase;
			buildActionMask = 2147483647;
			files = (
				489C954923947D3700F53BBE /* LaunchScreen.storyboard in Resources */,
				489C954623947D3700F53BBE /* Assets.xcassets in Resources */,
				489C954423947D3300F53BBE /* Main.storyboard in Resources */,
			);
			runOnlyForDeploymentPostprocessing = 0;
		};
/* End PBXResourcesBuildPhase section */

/* Begin PBXSourcesBuildPhase section */
		489C953523947D3300F53BBE /* Sources */ = {
			isa = PBXSourcesBuildPhase;
			buildActionMask = 2147483647;
			files = (
				489C954123947D3300F53BBE /* ViewController.swift in Sources */,
				489C953D23947D3300F53BBE /* AppDelegate.swift in Sources */,
				489C953F23947D3300F53BBE /* SceneDelegate.swift in Sources */,
			);
			runOnlyForDeploymentPostprocessing = 0;
		};
/* End PBXSourcesBuildPhase section */

/* Begin PBXVariantGroup section */
		489C954223947D3300F53BBE /* Main.storyboard */ = {
			isa = PBXVariantGroup;
			children = (
				489C954323947D3300F53BBE /* Base */,
			);
			name = Main.storyboard;
			sourceTree = "<group>";
		};
		489C954723947D3700F53BBE /* LaunchScreen.storyboard */ = {
			isa = PBXVariantGroup;
			children = (
				489C954823947D3700F53BBE /* Base */,
			);
			name = LaunchScreen.storyboard;
			sourceTree = "<group>";
		};
/* End PBXVariantGroup section */

/* Begin XCBuildConfiguration section */
		489C954B23947D3700F53BBE /* Debug */ = {
			isa = XCBuildConfiguration;
			buildSettings = {
				ALWAYS_SEARCH_USER_PATHS = NO;
				CLANG_ANALYZER_NONNULL = YES;
				CLANG_ANALYZER_NUMBER_OBJECT_CONVERSION = YES_AGGRESSIVE;
				CLANG_CXX_LANGUAGE_STANDARD = "gnu++14";
				CLANG_CXX_LIBRARY = "libc++";
				CLANG_ENABLE_MODULES = YES;
				CLANG_ENABLE_OBJC_ARC = YES;
				CLANG_ENABLE_OBJC_WEAK = YES;
				CLANG_WARN_BLOCK_CAPTURE_AUTORELEASING = YES;
				CLANG_WARN_BOOL_CONVERSION = YES;
				CLANG_WARN_COMMA = YES;
				CLANG_WARN_CONSTANT_CONVERSION = YES;
				CLANG_WARN_DEPRECATED_OBJC_IMPLEMENTATIONS = YES;
				CLANG_WARN_DIRECT_OBJC_ISA_USAGE = YES_ERROR;
				CLANG_WARN_DOCUMENTATION_COMMENTS = YES;
				CLANG_WARN_EMPTY_BODY = YES;
				CLANG_WARN_ENUM_CONVERSION = YES;
				CLANG_WARN_INFINITE_RECURSION = YES;
				CLANG_WARN_INT_CONVERSION = YES;
				CLANG_WARN_NON_LITERAL_NULL_CONVERSION = YES;
				CLANG_WARN_OBJC_IMPLICIT_RETAIN_SELF = YES;
				CLANG_WARN_OBJC_LITERAL_CONVERSION = YES;
				CLANG_WARN_OBJC_ROOT_CLASS = YES_ERROR;
				CLANG_WARN_RANGE_LOOP_ANALYSIS = YES;
				CLANG_WARN_STRICT_PROTOTYPES = YES;
				CLANG_WARN_SUSPICIOUS_MOVE = YES;
				CLANG_WARN_UNGUARDED_AVAILABILITY = YES_AGGRESSIVE;
				CLANG_WARN_UNREACHABLE_CODE = YES;
				CLANG_WARN__DUPLICATE_METHOD_MATCH = YES;
				COPY_PHASE_STRIP = NO;
				DEBUG_INFORMATION_FORMAT = dwarf;
				ENABLE_STRICT_OBJC_MSGSEND = YES;
				ENABLE_TESTABILITY = YES;
				GCC_C_LANGUAGE_STANDARD = gnu11;
				GCC_DYNAMIC_NO_PIC = NO;
				GCC_NO_COMMON_BLOCKS = YES;
				GCC_OPTIMIZATION_LEVEL = 0;
				GCC_PREPROCESSOR_DEFINITIONS = (
					"DEBUG=1",
					"$(inherited)",
				);
				GCC_WARN_64_TO_32_BIT_CONVERSION = YES;
				GCC_WARN_ABOUT_RETURN_TYPE = YES_ERROR;
				GCC_WARN_UNDECLARED_SELECTOR = YES;
				GCC_WARN_UNINITIALIZED_AUTOS = YES_AGGRESSIVE;
				GCC_WARN_UNUSED_FUNCTION = YES;
				GCC_WARN_UNUSED_VARIABLE = YES;
				IPHONEOS_DEPLOYMENT_TARGET = 13.1;
				MTL_ENABLE_DEBUG_INFO = INCLUDE_SOURCE;
				MTL_FAST_MATH = YES;
				ONLY_ACTIVE_ARCH = YES;
				SDKROOT = iphoneos;
				SWIFT_ACTIVE_COMPILATION_CONDITIONS = DEBUG;
				SWIFT_OPTIMIZATION_LEVEL = "-Onone";
			};
			name = Debug;
		};
		489C954C23947D3700F53BBE /* Release */ = {
			isa = XCBuildConfiguration;
			buildSettings = {
				ALWAYS_SEARCH_USER_PATHS = NO;
				CLANG_ANALYZER_NONNULL = YES;
				CLANG_ANALYZER_NUMBER_OBJECT_CONVERSION = YES_AGGRESSIVE;
				CLANG_CXX_LANGUAGE_STANDARD = "gnu++14";
				CLANG_CXX_LIBRARY = "libc++";
				CLANG_ENABLE_MODULES = YES;
				CLANG_ENABLE_OBJC_ARC = YES;
				CLANG_ENABLE_OBJC_WEAK = YES;
				CLANG_WARN_BLOCK_CAPTURE_AUTORELEASING = YES;
				CLANG_WARN_BOOL_CONVERSION = YES;
				CLANG_WARN_COMMA = YES;
				CLANG_WARN_CONSTANT_CONVERSION = YES;
				CLANG_WARN_DEPRECATED_OBJC_IMPLEMENTATIONS = YES;
				CLANG_WARN_DIRECT_OBJC_ISA_USAGE = YES_ERROR;
				CLANG_WARN_DOCUMENTATION_COMMENTS = YES;
				CLANG_WARN_EMPTY_BODY = YES;
				CLANG_WARN_ENUM_CONVERSION = YES;
				CLANG_WARN_INFINITE_RECURSION = YES;
				CLANG_WARN_INT_CONVERSION = YES;
				CLANG_WARN_NON_LITERAL_NULL_CONVERSION = YES;
				CLANG_WARN_OBJC_IMPLICIT_RETAIN_SELF = YES;
				CLANG_WARN_OBJC_LITERAL_CONVERSION = YES;
				CLANG_WARN_OBJC_ROOT_CLASS = YES_ERROR;
				CLANG_WARN_RANGE_LOOP_ANALYSIS = YES;
				CLANG_WARN_STRICT_PROTOTYPES = YES;
				CLANG_WARN_SUSPICIOUS_MOVE = YES;
				CLANG_WARN_UNGUARDED_AVAILABILITY = YES_AGGRESSIVE;
				CLANG_WARN_UNREACHABLE_CODE = YES;
				CLANG_WARN__DUPLICATE_METHOD_MATCH = YES;
				COPY_PHASE_STRIP = NO;
				DEBUG_INFORMATION_FORMAT = "dwarf-with-dsym";
				ENABLE_NS_ASSERTIONS = NO;
				ENABLE_STRICT_OBJC_MSGSEND = YES;
				GCC_C_LANGUAGE_STANDARD = gnu11;
				GCC_NO_COMMON_BLOCKS = YES;
				GCC_WARN_64_TO_32_BIT_CONVERSION = YES;
				GCC_WARN_ABOUT_RETURN_TYPE = YES_ERROR;
				GCC_WARN_UNDECLARED_SELECTOR = YES;
				GCC_WARN_UNINITIALIZED_AUTOS = YES_AGGRESSIVE;
				GCC_WARN_UNUSED_FUNCTION = YES;
				GCC_WARN_UNUSED_VARIABLE = YES;
				IPHONEOS_DEPLOYMENT_TARGET = 13.1;
				MTL_ENABLE_DEBUG_INFO = NO;
				MTL_FAST_MATH = YES;
				SDKROOT = iphoneos;
				SWIFT_COMPILATION_MODE = wholemodule;
				SWIFT_OPTIMIZATION_LEVEL = "-O";
				VALIDATE_PRODUCT = YES;
			};
			name = Release;
		};
		489C954E23947D3700F53BBE /* Debug */ = {
			isa = XCBuildConfiguration;
			buildSettings = {
				ASSETCATALOG_COMPILER_APPICON_NAME = AppIcon;
				CODE_SIGN_ENTITLEMENTS = SiriPaymentExample/SiriPaymentExample.entitlements;
				CODE_SIGN_IDENTITY = "Apple Development";
				CODE_SIGN_STYLE = Automatic;
				DEVELOPMENT_TEAM = W6JWVPV23E;
				INFOPLIST_FILE = SiriPaymentExample/Info.plist;
				IPHONEOS_DEPLOYMENT_TARGET = 13.1;
				LD_RUNPATH_SEARCH_PATHS = (
					"$(inherited)",
					"@executable_path/Frameworks",
				);
				PRODUCT_BUNDLE_IDENTIFIER = com.key.kmb.dev.quickview;
				PRODUCT_NAME = "My App";
				PROVISIONING_PROFILE_SPECIFIER = "";
				SWIFT_VERSION = 5.0;
				TARGETED_DEVICE_FAMILY = "1,2";
			};
			name = Debug;
		};
		489C954F23947D3700F53BBE /* Release */ = {
			isa = XCBuildConfiguration;
			buildSettings = {
				ASSETCATALOG_COMPILER_APPICON_NAME = AppIcon;
				CODE_SIGN_ENTITLEMENTS = SiriPaymentExample/SiriPaymentExample.entitlements;
				CODE_SIGN_IDENTITY = "Apple Development";
				CODE_SIGN_STYLE = Automatic;
				DEVELOPMENT_TEAM = W6JWVPV23E;
				INFOPLIST_FILE = SiriPaymentExample/Info.plist;
				IPHONEOS_DEPLOYMENT_TARGET = 13.1;
				LD_RUNPATH_SEARCH_PATHS = (
					"$(inherited)",
					"@executable_path/Frameworks",
				);
				PRODUCT_BUNDLE_IDENTIFIER = com.key.kmb.dev.quickview;
				PRODUCT_NAME = "My App";
				PROVISIONING_PROFILE_SPECIFIER = "";
				SWIFT_VERSION = 5.0;
				TARGETED_DEVICE_FAMILY = "1,2";
			};
			name = Release;
		};
/* End XCBuildConfiguration section */

/* Begin XCConfigurationList section */
		489C953423947D3300F53BBE /* Build configuration list for PBXProject "SiriPaymentExample" */ = {
			isa = XCConfigurationList;
			buildConfigurations = (
				489C954B23947D3700F53BBE /* Debug */,
				489C954C23947D3700F53BBE /* Release */,
			);
			defaultConfigurationIsVisible = 0;
			defaultConfigurationName = Release;
		};
		489C954D23947D3700F53BBE /* Build configuration list for PBXNativeTarget "SiriPaymentExample" */ = {
			isa = XCConfigurationList;
			buildConfigurations = (
				489C954E23947D3700F53BBE /* Debug */,
				489C954F23947D3700F53BBE /* Release */,
			);
			defaultConfigurationIsVisible = 0;
			defaultConfigurationName = Release;
		};
/* End XCConfigurationList section */
	};
	rootObject = 489C953123947D3300F53BBE /* Project object */;
}
